// !$*UTF8*$!
{
	archiveVersion = 1;
	classes = {
	};
	objectVersion = 55;
	objects = {

/* Begin PBXBuildFile section */
		382EB37E2A5645FF00ACB1EC /* BluetoothTestingApp.swift in Sources */ = {isa = PBXBuildFile; fileRef = 382EB37D2A5645FF00ACB1EC /* BluetoothTestingApp.swift */; };
		382EB3802A5645FF00ACB1EC /* ContentView.swift in Sources */ = {isa = PBXBuildFile; fileRef = 382EB37F2A5645FF00ACB1EC /* ContentView.swift */; };
		382EB38F2A56460100ACB1EC /* BluetoothTestingTests.swift in Sources */ = {isa = PBXBuildFile; fileRef = 382EB38E2A56460100ACB1EC /* BluetoothTestingTests.swift */; };
		382EB3992A56460100ACB1EC /* BluetoothTestingUITests.swift in Sources */ = {isa = PBXBuildFile; fileRef = 382EB3982A56460100ACB1EC /* BluetoothTestingUITests.swift */; };
		382EB39B2A56460100ACB1EC /* BluetoothTestingUITestsLaunchTests.swift in Sources */ = {isa = PBXBuildFile; fileRef = 382EB39A2A56460100ACB1EC /* BluetoothTestingUITestsLaunchTests.swift */; };
		38419BEE2AB136D100044562 /* ClimbSliderView.swift in Sources */ = {isa = PBXBuildFile; fileRef = 38419BED2AB136D100044562 /* ClimbSliderView.swift */; };
		387DDB5A2A5B8D2900CB3E75 /* BluetoothViewModel.swift in Sources */ = {isa = PBXBuildFile; fileRef = 387DDB592A5B8D2900CB3E75 /* BluetoothViewModel.swift */; };
		387DDB5E2A5B8DC500CB3E75 /* CommandButtonView.swift in Sources */ = {isa = PBXBuildFile; fileRef = 387DDB5D2A5B8DC500CB3E75 /* CommandButtonView.swift */; };
		387DDB612A5B91EB00CB3E75 /* CommandButtonViewModel.swift in Sources */ = {isa = PBXBuildFile; fileRef = 387DDB602A5B91EB00CB3E75 /* CommandButtonViewModel.swift */; };
		387DDB632A85BE9600CB3E75 /* BluetoothPeripheralListView.swift in Sources */ = {isa = PBXBuildFile; fileRef = 387DDB622A85BE9600CB3E75 /* BluetoothPeripheralListView.swift */; };
		387DDB652A85CE0B00CB3E75 /* BluetoothPeripheralButton.swift in Sources */ = {isa = PBXBuildFile; fileRef = 387DDB642A85CE0B00CB3E75 /* BluetoothPeripheralButton.swift */; };
		387DDB672A8AFC1000CB3E75 /* ButtonsViewModel.swift in Sources */ = {isa = PBXBuildFile; fileRef = 387DDB662A8AFC0F00CB3E75 /* ButtonsViewModel.swift */; };
		387DDB692A8B126600CB3E75 /* CommandButtonsView.swift in Sources */ = {isa = PBXBuildFile; fileRef = 387DDB682A8B126600CB3E75 /* CommandButtonsView.swift */; };
		38AEEE7F2ABFBD5F00C4BB61 /* ContentViewController.swift in Sources */ = {isa = PBXBuildFile; fileRef = 38AEEE7E2ABFBD5F00C4BB61 /* ContentViewController.swift */; };
		38AEEE832ABFC17B00C4BB61 /* TestView.swift in Sources */ = {isa = PBXBuildFile; fileRef = 38AEEE822ABFC17B00C4BB61 /* TestView.swift */; };
/* End PBXBuildFile section */

/* Begin PBXContainerItemProxy section */
		382EB38B2A56460100ACB1EC /* PBXContainerItemProxy */ = {
			isa = PBXContainerItemProxy;
			containerPortal = 382EB3722A5645FF00ACB1EC /* Project object */;
			proxyType = 1;
			remoteGlobalIDString = 382EB3792A5645FF00ACB1EC;
			remoteInfo = BluetoothTesting;
		};
		382EB3952A56460100ACB1EC /* PBXContainerItemProxy */ = {
			isa = PBXContainerItemProxy;
			containerPortal = 382EB3722A5645FF00ACB1EC /* Project object */;
			proxyType = 1;
			remoteGlobalIDString = 382EB3792A5645FF00ACB1EC;
			remoteInfo = BluetoothTesting;
		};
/* End PBXContainerItemProxy section */

/* Begin PBXFileReference section */
		382EB37A2A5645FF00ACB1EC /* BluetoothTesting.app */ = {isa = PBXFileReference; explicitFileType = wrapper.application; includeInIndex = 0; path = BluetoothTesting.app; sourceTree = BUILT_PRODUCTS_DIR; };
		382EB37D2A5645FF00ACB1EC /* BluetoothTestingApp.swift */ = {isa = PBXFileReference; lastKnownFileType = sourcecode.swift; path = BluetoothTestingApp.swift; sourceTree = "<group>"; };
		382EB37F2A5645FF00ACB1EC /* ContentView.swift */ = {isa = PBXFileReference; lastKnownFileType = sourcecode.swift; path = ContentView.swift; sourceTree = "<group>"; };
		382EB38A2A56460100ACB1EC /* BluetoothTestingTests.xctest */ = {isa = PBXFileReference; explicitFileType = wrapper.cfbundle; includeInIndex = 0; path = BluetoothTestingTests.xctest; sourceTree = BUILT_PRODUCTS_DIR; };
		382EB38E2A56460100ACB1EC /* BluetoothTestingTests.swift */ = {isa = PBXFileReference; lastKnownFileType = sourcecode.swift; path = BluetoothTestingTests.swift; sourceTree = "<group>"; };
		382EB3942A56460100ACB1EC /* BluetoothTestingUITests.xctest */ = {isa = PBXFileReference; explicitFileType = wrapper.cfbundle; includeInIndex = 0; path = BluetoothTestingUITests.xctest; sourceTree = BUILT_PRODUCTS_DIR; };
		382EB3982A56460100ACB1EC /* BluetoothTestingUITests.swift */ = {isa = PBXFileReference; lastKnownFileType = sourcecode.swift; path = BluetoothTestingUITests.swift; sourceTree = "<group>"; };
		382EB39A2A56460100ACB1EC /* BluetoothTestingUITestsLaunchTests.swift */ = {isa = PBXFileReference; lastKnownFileType = sourcecode.swift; path = BluetoothTestingUITestsLaunchTests.swift; sourceTree = "<group>"; };
		38419BED2AB136D100044562 /* ClimbSliderView.swift */ = {isa = PBXFileReference; lastKnownFileType = sourcecode.swift; path = ClimbSliderView.swift; sourceTree = "<group>"; };
		387DDB542A5A2AB100CB3E75 /* Info.plist */ = {isa = PBXFileReference; lastKnownFileType = text.plist; path = Info.plist; sourceTree = "<group>"; };
		387DDB592A5B8D2900CB3E75 /* BluetoothViewModel.swift */ = {isa = PBXFileReference; lastKnownFileType = sourcecode.swift; path = BluetoothViewModel.swift; sourceTree = "<group>"; };
		387DDB5D2A5B8DC500CB3E75 /* CommandButtonView.swift */ = {isa = PBXFileReference; lastKnownFileType = sourcecode.swift; path = CommandButtonView.swift; sourceTree = "<group>"; };
		387DDB602A5B91EB00CB3E75 /* CommandButtonViewModel.swift */ = {isa = PBXFileReference; lastKnownFileType = sourcecode.swift; path = CommandButtonViewModel.swift; sourceTree = "<group>"; };
		387DDB622A85BE9600CB3E75 /* BluetoothPeripheralListView.swift */ = {isa = PBXFileReference; lastKnownFileType = sourcecode.swift; path = BluetoothPeripheralListView.swift; sourceTree = "<group>"; };
		387DDB642A85CE0B00CB3E75 /* BluetoothPeripheralButton.swift */ = {isa = PBXFileReference; lastKnownFileType = sourcecode.swift; path = BluetoothPeripheralButton.swift; sourceTree = "<group>"; };
		387DDB662A8AFC0F00CB3E75 /* ButtonsViewModel.swift */ = {isa = PBXFileReference; lastKnownFileType = sourcecode.swift; path = ButtonsViewModel.swift; sourceTree = "<group>"; };
		387DDB682A8B126600CB3E75 /* CommandButtonsView.swift */ = {isa = PBXFileReference; lastKnownFileType = sourcecode.swift; path = CommandButtonsView.swift; sourceTree = "<group>"; };
		38AEEE7E2ABFBD5F00C4BB61 /* ContentViewController.swift */ = {isa = PBXFileReference; lastKnownFileType = sourcecode.swift; path = ContentViewController.swift; sourceTree = "<group>"; };
		38AEEE822ABFC17B00C4BB61 /* TestView.swift */ = {isa = PBXFileReference; lastKnownFileType = sourcecode.swift; path = TestView.swift; sourceTree = "<group>"; };
		38AEEEC82ABFC48700C4BB61 /* Preview Assets.xcassets */ = {isa = PBXFileReference; lastKnownFileType = folder.assetcatalog; path = "Preview Assets.xcassets"; sourceTree = "<group>"; };
/* End PBXFileReference section */

/* Begin PBXFrameworksBuildPhase section */
		382EB3772A5645FF00ACB1EC /* Frameworks */ = {
			isa = PBXFrameworksBuildPhase;
			buildActionMask = 2147483647;
			files = (
			);
			runOnlyForDeploymentPostprocessing = 0;
		};
		382EB3872A56460100ACB1EC /* Frameworks */ = {
			isa = PBXFrameworksBuildPhase;
			buildActionMask = 2147483647;
			files = (
			);
			runOnlyForDeploymentPostprocessing = 0;
		};
		382EB3912A56460100ACB1EC /* Frameworks */ = {
			isa = PBXFrameworksBuildPhase;
			buildActionMask = 2147483647;
			files = (
			);
			runOnlyForDeploymentPostprocessing = 0;
		};
/* End PBXFrameworksBuildPhase section */

/* Begin PBXGroup section */
		382EB3712A5645FF00ACB1EC = {
			isa = PBXGroup;
			children = (
				382EB37C2A5645FF00ACB1EC /* BluetoothTesting */,
				382EB38D2A56460100ACB1EC /* BluetoothTestingTests */,
				382EB3972A56460100ACB1EC /* BluetoothTestingUITests */,
				382EB37B2A5645FF00ACB1EC /* Products */,
			);
			sourceTree = "<group>";
		};
		382EB37B2A5645FF00ACB1EC /* Products */ = {
			isa = PBXGroup;
			children = (
				382EB37A2A5645FF00ACB1EC /* BluetoothTesting.app */,
				382EB38A2A56460100ACB1EC /* BluetoothTestingTests.xctest */,
				382EB3942A56460100ACB1EC /* BluetoothTestingUITests.xctest */,
			);
			name = Products;
			sourceTree = "<group>";
		};
		382EB37C2A5645FF00ACB1EC /* BluetoothTesting */ = {
			isa = PBXGroup;
			children = (
				38AEEEC92ABFC48D00C4BB61 /* Preview Content */,
				38AEEE7D2ABFBD4700C4BB61 /* Controller */,
				387DDB5F2A5B91D400CB3E75 /* ViewModel */,
				387DDB5B2A5B8DA700CB3E75 /* View */,
				387DDB582A5B8D0C00CB3E75 /* BluetoothManager */,
				382EB37D2A5645FF00ACB1EC /* BluetoothTestingApp.swift */,
				382EB37F2A5645FF00ACB1EC /* ContentView.swift */,
				38AEEE822ABFC17B00C4BB61 /* TestView.swift */,
			);
			path = BluetoothTesting;
			sourceTree = "<group>";
		};
		382EB38D2A56460100ACB1EC /* BluetoothTestingTests */ = {
			isa = PBXGroup;
			children = (
				387DDB542A5A2AB100CB3E75 /* Info.plist */,
				382EB38E2A56460100ACB1EC /* BluetoothTestingTests.swift */,
			);
			path = BluetoothTestingTests;
			sourceTree = "<group>";
		};
		382EB3972A56460100ACB1EC /* BluetoothTestingUITests */ = {
			isa = PBXGroup;
			children = (
				382EB3982A56460100ACB1EC /* BluetoothTestingUITests.swift */,
				382EB39A2A56460100ACB1EC /* BluetoothTestingUITestsLaunchTests.swift */,
			);
			path = BluetoothTestingUITests;
			sourceTree = "<group>";
		};
		387DDB582A5B8D0C00CB3E75 /* BluetoothManager */ = {
			isa = PBXGroup;
			children = (
				387DDB592A5B8D2900CB3E75 /* BluetoothViewModel.swift */,
			);
			path = BluetoothManager;
			sourceTree = "<group>";
		};
		387DDB5B2A5B8DA700CB3E75 /* View */ = {
			isa = PBXGroup;
			children = (
				387DDB5D2A5B8DC500CB3E75 /* CommandButtonView.swift */,
				387DDB622A85BE9600CB3E75 /* BluetoothPeripheralListView.swift */,
				387DDB642A85CE0B00CB3E75 /* BluetoothPeripheralButton.swift */,
				387DDB682A8B126600CB3E75 /* CommandButtonsView.swift */,
				38419BED2AB136D100044562 /* ClimbSliderView.swift */,
			);
			path = View;
			sourceTree = "<group>";
		};
		387DDB5F2A5B91D400CB3E75 /* ViewModel */ = {
			isa = PBXGroup;
			children = (
				387DDB602A5B91EB00CB3E75 /* CommandButtonViewModel.swift */,
				387DDB662A8AFC0F00CB3E75 /* ButtonsViewModel.swift */,
			);
			path = ViewModel;
			sourceTree = "<group>";
		};
		38AEEE7D2ABFBD4700C4BB61 /* Controller */ = {
			isa = PBXGroup;
			children = (
				38AEEE7E2ABFBD5F00C4BB61 /* ContentViewController.swift */,
			);
			path = Controller;
			sourceTree = "<group>";
		};
		38AEEEC92ABFC48D00C4BB61 /* Preview Content */ = {
			isa = PBXGroup;
			children = (
				38AEEEC82ABFC48700C4BB61 /* Preview Assets.xcassets */,
			);
			path = "Preview Content";
			sourceTree = "<group>";
		};
/* End PBXGroup section */

/* Begin PBXNativeTarget section */
		382EB3792A5645FF00ACB1EC /* BluetoothTesting */ = {
			isa = PBXNativeTarget;
			buildConfigurationList = 382EB39E2A56460100ACB1EC /* Build configuration list for PBXNativeTarget "BluetoothTesting" */;
			buildPhases = (
				382EB3762A5645FF00ACB1EC /* Sources */,
				382EB3772A5645FF00ACB1EC /* Frameworks */,
				382EB3782A5645FF00ACB1EC /* Resources */,
			);
			buildRules = (
			);
			dependencies = (
			);
			name = BluetoothTesting;
			productName = BluetoothTesting;
			productReference = 382EB37A2A5645FF00ACB1EC /* BluetoothTesting.app */;
			productType = "com.apple.product-type.application";
		};
		382EB3892A56460100ACB1EC /* BluetoothTestingTests */ = {
			isa = PBXNativeTarget;
			buildConfigurationList = 382EB3A12A56460100ACB1EC /* Build configuration list for PBXNativeTarget "BluetoothTestingTests" */;
			buildPhases = (
				382EB3862A56460100ACB1EC /* Sources */,
				382EB3872A56460100ACB1EC /* Frameworks */,
				382EB3882A56460100ACB1EC /* Resources */,
			);
			buildRules = (
			);
			dependencies = (
				382EB38C2A56460100ACB1EC /* PBXTargetDependency */,
			);
			name = BluetoothTestingTests;
			productName = BluetoothTestingTests;
			productReference = 382EB38A2A56460100ACB1EC /* BluetoothTestingTests.xctest */;
			productType = "com.apple.product-type.bundle.unit-test";
		};
		382EB3932A56460100ACB1EC /* BluetoothTestingUITests */ = {
			isa = PBXNativeTarget;
			buildConfigurationList = 382EB3A42A56460100ACB1EC /* Build configuration list for PBXNativeTarget "BluetoothTestingUITests" */;
			buildPhases = (
				382EB3902A56460100ACB1EC /* Sources */,
				382EB3912A56460100ACB1EC /* Frameworks */,
				382EB3922A56460100ACB1EC /* Resources */,
			);
			buildRules = (
			);
			dependencies = (
				382EB3962A56460100ACB1EC /* PBXTargetDependency */,
			);
			name = BluetoothTestingUITests;
			productName = BluetoothTestingUITests;
			productReference = 382EB3942A56460100ACB1EC /* BluetoothTestingUITests.xctest */;
			productType = "com.apple.product-type.bundle.ui-testing";
		};
/* End PBXNativeTarget section */

/* Begin PBXProject section */
		382EB3722A5645FF00ACB1EC /* Project object */ = {
			isa = PBXProject;
			attributes = {
				BuildIndependentTargetsInParallel = 1;
				LastSwiftUpdateCheck = 1340;
				LastUpgradeCheck = 1340;
				TargetAttributes = {
					382EB3792A5645FF00ACB1EC = {
						CreatedOnToolsVersion = 13.4.1;
					};
					382EB3892A56460100ACB1EC = {
						CreatedOnToolsVersion = 13.4.1;
						TestTargetID = 382EB3792A5645FF00ACB1EC;
					};
					382EB3932A56460100ACB1EC = {
						CreatedOnToolsVersion = 13.4.1;
						TestTargetID = 382EB3792A5645FF00ACB1EC;
					};
				};
			};
			buildConfigurationList = 382EB3752A5645FF00ACB1EC /* Build configuration list for PBXProject "BluetoothTesting" */;
			compatibilityVersion = "Xcode 13.0";
			developmentRegion = en;
			hasScannedForEncodings = 0;
			knownRegions = (
				en,
				Base,
			);
			mainGroup = 382EB3712A5645FF00ACB1EC;
			productRefGroup = 382EB37B2A5645FF00ACB1EC /* Products */;
			projectDirPath = "";
			projectRoot = "";
			targets = (
				382EB3792A5645FF00ACB1EC /* BluetoothTesting */,
				382EB3892A56460100ACB1EC /* BluetoothTestingTests */,
				382EB3932A56460100ACB1EC /* BluetoothTestingUITests */,
			);
		};
/* End PBXProject section */

/* Begin PBXResourcesBuildPhase section */
		382EB3782A5645FF00ACB1EC /* Resources */ = {
			isa = PBXResourcesBuildPhase;
			buildActionMask = 2147483647;
			files = (
			);
			runOnlyForDeploymentPostprocessing = 0;
		};
		382EB3882A56460100ACB1EC /* Resources */ = {
			isa = PBXResourcesBuildPhase;
			buildActionMask = 2147483647;
			files = (
			);
			runOnlyForDeploymentPostprocessing = 0;
		};
		382EB3922A56460100ACB1EC /* Resources */ = {
			isa = PBXResourcesBuildPhase;
			buildActionMask = 2147483647;
			files = (
			);
			runOnlyForDeploymentPostprocessing = 0;
		};
/* End PBXResourcesBuildPhase section */

/* Begin PBXSourcesBuildPhase section */
		382EB3762A5645FF00ACB1EC /* Sources */ = {
			isa = PBXSourcesBuildPhase;
			buildActionMask = 2147483647;
			files = (
				38AEEE832ABFC17B00C4BB61 /* TestView.swift in Sources */,
				382EB3802A5645FF00ACB1EC /* ContentView.swift in Sources */,
				387DDB5E2A5B8DC500CB3E75 /* CommandButtonView.swift in Sources */,
				382EB37E2A5645FF00ACB1EC /* BluetoothTestingApp.swift in Sources */,
				387DDB5A2A5B8D2900CB3E75 /* BluetoothViewModel.swift in Sources */,
				387DDB672A8AFC1000CB3E75 /* ButtonsViewModel.swift in Sources */,
				387DDB652A85CE0B00CB3E75 /* BluetoothPeripheralButton.swift in Sources */,
				387DDB692A8B126600CB3E75 /* CommandButtonsView.swift in Sources */,
				38419BEE2AB136D100044562 /* ClimbSliderView.swift in Sources */,
				38AEEE7F2ABFBD5F00C4BB61 /* ContentViewController.swift in Sources */,
				387DDB612A5B91EB00CB3E75 /* CommandButtonViewModel.swift in Sources */,
				387DDB632A85BE9600CB3E75 /* BluetoothPeripheralListView.swift in Sources */,
			);
			runOnlyForDeploymentPostprocessing = 0;
		};
		382EB3862A56460100ACB1EC /* Sources */ = {
			isa = PBXSourcesBuildPhase;
			buildActionMask = 2147483647;
			files = (
				382EB38F2A56460100ACB1EC /* BluetoothTestingTests.swift in Sources */,
			);
			runOnlyForDeploymentPostprocessing = 0;
		};
		382EB3902A56460100ACB1EC /* Sources */ = {
			isa = PBXSourcesBuildPhase;
			buildActionMask = 2147483647;
			files = (
				382EB39B2A56460100ACB1EC /* BluetoothTestingUITestsLaunchTests.swift in Sources */,
				382EB3992A56460100ACB1EC /* BluetoothTestingUITests.swift in Sources */,
			);
			runOnlyForDeploymentPostprocessing = 0;
		};
/* End PBXSourcesBuildPhase section */

/* Begin PBXTargetDependency section */
		382EB38C2A56460100ACB1EC /* PBXTargetDependency */ = {
			isa = PBXTargetDependency;
			target = 382EB3792A5645FF00ACB1EC /* BluetoothTesting */;
			targetProxy = 382EB38B2A56460100ACB1EC /* PBXContainerItemProxy */;
		};
		382EB3962A56460100ACB1EC /* PBXTargetDependency */ = {
			isa = PBXTargetDependency;
			target = 382EB3792A5645FF00ACB1EC /* BluetoothTesting */;
			targetProxy = 382EB3952A56460100ACB1EC /* PBXContainerItemProxy */;
		};
/* End PBXTargetDependency section */

/* Begin XCBuildConfiguration section */
		382EB39C2A56460100ACB1EC /* Debug */ = {
			isa = XCBuildConfiguration;
			buildSettings = {
				ALWAYS_SEARCH_USER_PATHS = NO;
				CLANG_ANALYZER_NONNULL = YES;
				CLANG_ANALYZER_NUMBER_OBJECT_CONVERSION = YES_AGGRESSIVE;
				CLANG_CXX_LANGUAGE_STANDARD = "gnu++17";
				CLANG_ENABLE_MODULES = YES;
				CLANG_ENABLE_OBJC_ARC = YES;
				CLANG_ENABLE_OBJC_WEAK = YES;
				CLANG_WARN_BLOCK_CAPTURE_AUTORELEASING = YES;
				CLANG_WARN_BOOL_CONVERSION = YES;
				CLANG_WARN_COMMA = YES;
				CLANG_WARN_CONSTANT_CONVERSION = YES;
				CLANG_WARN_DEPRECATED_OBJC_IMPLEMENTATIONS = YES;
				CLANG_WARN_DIRECT_OBJC_ISA_USAGE = YES_ERROR;
				CLANG_WARN_DOCUMENTATION_COMMENTS = YES;
				CLANG_WARN_EMPTY_BODY = YES;
				CLANG_WARN_ENUM_CONVERSION = YES;
				CLANG_WARN_INFINITE_RECURSION = YES;
				CLANG_WARN_INT_CONVERSION = YES;
				CLANG_WARN_NON_LITERAL_NULL_CONVERSION = YES;
				CLANG_WARN_OBJC_IMPLICIT_RETAIN_SELF = YES;
				CLANG_WARN_OBJC_LITERAL_CONVERSION = YES;
				CLANG_WARN_OBJC_ROOT_CLASS = YES_ERROR;
				CLANG_WARN_QUOTED_INCLUDE_IN_FRAMEWORK_HEADER = YES;
				CLANG_WARN_RANGE_LOOP_ANALYSIS = YES;
				CLANG_WARN_STRICT_PROTOTYPES = YES;
				CLANG_WARN_SUSPICIOUS_MOVE = YES;
				CLANG_WARN_UNGUARDED_AVAILABILITY = YES_AGGRESSIVE;
				CLANG_WARN_UNREACHABLE_CODE = YES;
				CLANG_WARN__DUPLICATE_METHOD_MATCH = YES;
				COPY_PHASE_STRIP = NO;
				DEBUG_INFORMATION_FORMAT = dwarf;
				ENABLE_STRICT_OBJC_MSGSEND = YES;
				ENABLE_TESTABILITY = YES;
				GCC_C_LANGUAGE_STANDARD = gnu11;
				GCC_DYNAMIC_NO_PIC = NO;
				GCC_NO_COMMON_BLOCKS = YES;
				GCC_OPTIMIZATION_LEVEL = 0;
				GCC_PREPROCESSOR_DEFINITIONS = (
					"DEBUG=1",
					"$(inherited)",
				);
				GCC_WARN_64_TO_32_BIT_CONVERSION = YES;
				GCC_WARN_ABOUT_RETURN_TYPE = YES_ERROR;
				GCC_WARN_UNDECLARED_SELECTOR = YES;
				GCC_WARN_UNINITIALIZED_AUTOS = YES_AGGRESSIVE;
				GCC_WARN_UNUSED_FUNCTION = YES;
				GCC_WARN_UNUSED_VARIABLE = YES;
				IPHONEOS_DEPLOYMENT_TARGET = 15.5;
				MTL_ENABLE_DEBUG_INFO = INCLUDE_SOURCE;
				MTL_FAST_MATH = YES;
				ONLY_ACTIVE_ARCH = YES;
				SDKROOT = iphoneos;
				SWIFT_ACTIVE_COMPILATION_CONDITIONS = DEBUG;
				SWIFT_OPTIMIZATION_LEVEL = "-Onone";
			};
			name = Debug;
		};
		382EB39D2A56460100ACB1EC /* Release */ = {
			isa = XCBuildConfiguration;
			buildSettings = {
				ALWAYS_SEARCH_USER_PATHS = NO;
				CLANG_ANALYZER_NONNULL = YES;
				CLANG_ANALYZER_NUMBER_OBJECT_CONVERSION = YES_AGGRESSIVE;
				CLANG_CXX_LANGUAGE_STANDARD = "gnu++17";
				CLANG_ENABLE_MODULES = YES;
				CLANG_ENABLE_OBJC_ARC = YES;
				CLANG_ENABLE_OBJC_WEAK = YES;
				CLANG_WARN_BLOCK_CAPTURE_AUTORELEASING = YES;
				CLANG_WARN_BOOL_CONVERSION = YES;
				CLANG_WARN_COMMA = YES;
				CLANG_WARN_CONSTANT_CONVERSION = YES;
				CLANG_WARN_DEPRECATED_OBJC_IMPLEMENTATIONS = YES;
				CLANG_WARN_DIRECT_OBJC_ISA_USAGE = YES_ERROR;
				CLANG_WARN_DOCUMENTATION_COMMENTS = YES;
				CLANG_WARN_EMPTY_BODY = YES;
				CLANG_WARN_ENUM_CONVERSION = YES;
				CLANG_WARN_INFINITE_RECURSION = YES;
				CLANG_WARN_INT_CONVERSION = YES;
				CLANG_WARN_NON_LITERAL_NULL_CONVERSION = YES;
				CLANG_WARN_OBJC_IMPLICIT_RETAIN_SELF = YES;
				CLANG_WARN_OBJC_LITERAL_CONVERSION = YES;
				CLANG_WARN_OBJC_ROOT_CLASS = YES_ERROR;
				CLANG_WARN_QUOTED_INCLUDE_IN_FRAMEWORK_HEADER = YES;
				CLANG_WARN_RANGE_LOOP_ANALYSIS = YES;
				CLANG_WARN_STRICT_PROTOTYPES = YES;
				CLANG_WARN_SUSPICIOUS_MOVE = YES;
				CLANG_WARN_UNGUARDED_AVAILABILITY = YES_AGGRESSIVE;
				CLANG_WARN_UNREACHABLE_CODE = YES;
				CLANG_WARN__DUPLICATE_METHOD_MATCH = YES;
				COPY_PHASE_STRIP = NO;
				DEBUG_INFORMATION_FORMAT = "dwarf-with-dsym";
				ENABLE_NS_ASSERTIONS = NO;
				ENABLE_STRICT_OBJC_MSGSEND = YES;
				GCC_C_LANGUAGE_STANDARD = gnu11;
				GCC_NO_COMMON_BLOCKS = YES;
				GCC_WARN_64_TO_32_BIT_CONVERSION = YES;
				GCC_WARN_ABOUT_RETURN_TYPE = YES_ERROR;
				GCC_WARN_UNDECLARED_SELECTOR = YES;
				GCC_WARN_UNINITIALIZED_AUTOS = YES_AGGRESSIVE;
				GCC_WARN_UNUSED_FUNCTION = YES;
				GCC_WARN_UNUSED_VARIABLE = YES;
				IPHONEOS_DEPLOYMENT_TARGET = 15.5;
				MTL_ENABLE_DEBUG_INFO = NO;
				MTL_FAST_MATH = YES;
				SDKROOT = iphoneos;
				SWIFT_COMPILATION_MODE = wholemodule;
				SWIFT_OPTIMIZATION_LEVEL = "-O";
				VALIDATE_PRODUCT = YES;
			};
			name = Release;
		};
		382EB39F2A56460100ACB1EC /* Debug */ = {
			isa = XCBuildConfiguration;
			buildSettings = {
				ASSETCATALOG_COMPILER_APPICON_NAME = AppIcon;
				ASSETCATALOG_COMPILER_GLOBAL_ACCENT_COLOR_NAME = AccentColor;
				CODE_SIGN_STYLE = Automatic;
				CURRENT_PROJECT_VERSION = 1;
				DEVELOPMENT_ASSET_PATHS = "\"BluetoothTesting/Preview Content\"";
				DEVELOPMENT_TEAM = S322P4P929;
				ENABLE_PREVIEWS = YES;
				GENERATE_INFOPLIST_FILE = YES;
				INFOPLIST_KEY_NSBluetoothAlwaysUsageDescription = "Allow Bluetooth Usage";
				INFOPLIST_KEY_UIApplicationSceneManifest_Generation = YES;
				INFOPLIST_KEY_UIApplicationSupportsIndirectInputEvents = YES;
				INFOPLIST_KEY_UILaunchScreen_Generation = YES;
				INFOPLIST_KEY_UISupportedInterfaceOrientations_iPad = "UIInterfaceOrientationPortrait UIInterfaceOrientationPortraitUpsideDown UIInterfaceOrientationLandscapeLeft UIInterfaceOrientationLandscapeRight";
				INFOPLIST_KEY_UISupportedInterfaceOrientations_iPhone = "UIInterfaceOrientationPortrait UIInterfaceOrientationLandscapeLeft UIInterfaceOrientationLandscapeRight";
				LD_RUNPATH_SEARCH_PATHS = (
					"$(inherited)",
					"@executable_path/Frameworks",
				);
				MARKETING_VERSION = 1.0;
				PRODUCT_BUNDLE_IDENTIFIER = "Hsueh-Yuan-Chou.BluetoothTesting";
				PRODUCT_NAME = "$(TARGET_NAME)";
				SWIFT_EMIT_LOC_STRINGS = YES;
				SWIFT_VERSION = 5.0;
				TARGETED_DEVICE_FAMILY = "1,2";
			};
			name = Debug;
		};
		382EB3A02A56460100ACB1EC /* Release */ = {
			isa = XCBuildConfiguration;
			buildSettings = {
				ASSETCATALOG_COMPILER_APPICON_NAME = AppIcon;
				ASSETCATALOG_COMPILER_GLOBAL_ACCENT_COLOR_NAME = AccentColor;
				CODE_SIGN_STYLE = Automatic;
				CURRENT_PROJECT_VERSION = 1;
				DEVELOPMENT_ASSET_PATHS = "\"BluetoothTesting/Preview Content\"";
				DEVELOPMENT_TEAM = S322P4P929;
				ENABLE_PREVIEWS = YES;
				GENERATE_INFOPLIST_FILE = YES;
				INFOPLIST_KEY_NSBluetoothAlwaysUsageDescription = "Allow Bluetooth Usage";
				INFOPLIST_KEY_UIApplicationSceneManifest_Generation = YES;
				INFOPLIST_KEY_UIApplicationSupportsIndirectInputEvents = YES;
				INFOPLIST_KEY_UILaunchScreen_Generation = YES;
				INFOPLIST_KEY_UISupportedInterfaceOrientations_iPad = "UIInterfaceOrientationPortrait UIInterfaceOrientationPortraitUpsideDown UIInterfaceOrientationLandscapeLeft UIInterfaceOrientationLandscapeRight";
				INFOPLIST_KEY_UISupportedInterfaceOrientations_iPhone = "UIInterfaceOrientationPortrait UIInterfaceOrientationLandscapeLeft UIInterfaceOrientationLandscapeRight";
				LD_RUNPATH_SEARCH_PATHS = (
					"$(inherited)",
					"@executable_path/Frameworks",
				);
				MARKETING_VERSION = 1.0;
				PRODUCT_BUNDLE_IDENTIFIER = "Hsueh-Yuan-Chou.BluetoothTesting";
				PRODUCT_NAME = "$(TARGET_NAME)";
				SWIFT_EMIT_LOC_STRINGS = YES;
				SWIFT_VERSION = 5.0;
				TARGETED_DEVICE_FAMILY = "1,2";
			};
			name = Release;
		};
		382EB3A22A56460100ACB1EC /* Debug */ = {
			isa = XCBuildConfiguration;
			buildSettings = {
				ALWAYS_EMBED_SWIFT_STANDARD_LIBRARIES = YES;
				BUNDLE_LOADER = "$(TEST_HOST)";
				CODE_SIGN_STYLE = Automatic;
				CURRENT_PROJECT_VERSION = 1;
				DEVELOPMENT_TEAM = S322P4P929;
				GENERATE_INFOPLIST_FILE = YES;
				INFOPLIST_FILE = BluetoothTestingTests/Info.plist;
				INFOPLIST_KEY_NSBluetoothAlwaysUsageDescription = "Allow Bluetooth Usage";
				INFOPLIST_KEY_NSBluetoothPeripheralUsageDescription = "Allow for discovering peripherals";
				IPHONEOS_DEPLOYMENT_TARGET = 15.5;
				MARKETING_VERSION = 1.0;
				PRODUCT_BUNDLE_IDENTIFIER = "Hsueh-Yuan-Chou.BluetoothTestingTests";
				PRODUCT_NAME = "$(TARGET_NAME)";
				SWIFT_EMIT_LOC_STRINGS = NO;
				SWIFT_VERSION = 5.0;
				TARGETED_DEVICE_FAMILY = "1,2";
				TEST_HOST = "$(BUILT_PRODUCTS_DIR)/BluetoothTesting.app/BluetoothTesting";
			};
			name = Debug;
		};
		382EB3A32A56460100ACB1EC /* Release */ = {
			isa = XCBuildConfiguration;
			buildSettings = {
				ALWAYS_EMBED_SWIFT_STANDARD_LIBRARIES = YES;
				BUNDLE_LOADER = "$(TEST_HOST)";
				CODE_SIGN_STYLE = Automatic;
				CURRENT_PROJECT_VERSION = 1;
				DEVELOPMENT_TEAM = S322P4P929;
				GENERATE_INFOPLIST_FILE = YES;
				INFOPLIST_FILE = BluetoothTestingTests/Info.plist;
				INFOPLIST_KEY_NSBluetoothAlwaysUsageDescription = "Allow Bluetooth Usage";
				INFOPLIST_KEY_NSBluetoothPeripheralUsageDescription = "Allow for discovering peripherals";
				IPHONEOS_DEPLOYMENT_TARGET = 15.5;
				MARKETING_VERSION = 1.0;
				PRODUCT_BUNDLE_IDENTIFIER = "Hsueh-Yuan-Chou.BluetoothTestingTests";
				PRODUCT_NAME = "$(TARGET_NAME)";
				SWIFT_EMIT_LOC_STRINGS = NO;
				SWIFT_VERSION = 5.0;
				TARGETED_DEVICE_FAMILY = "1,2";
				TEST_HOST = "$(BUILT_PRODUCTS_DIR)/BluetoothTesting.app/BluetoothTesting";
			};
			name = Release;
		};
		382EB3A52A56460100ACB1EC /* Debug */ = {
			isa = XCBuildConfiguration;
			buildSettings = {
				ALWAYS_EMBED_SWIFT_STANDARD_LIBRARIES = YES;
				CODE_SIGN_STYLE = Automatic;
				CURRENT_PROJECT_VERSION = 1;
				DEVELOPMENT_TEAM = S322P4P929;
				GENERATE_INFOPLIST_FILE = YES;
				MARKETING_VERSION = 1.0;
				PRODUCT_BUNDLE_IDENTIFIER = "Hsueh-Yuan-Chou.BluetoothTestingUITests";
				PRODUCT_NAME = "$(TARGET_NAME)";
				SWIFT_EMIT_LOC_STRINGS = NO;
				SWIFT_VERSION = 5.0;
				TARGETED_DEVICE_FAMILY = "1,2";
				TEST_TARGET_NAME = BluetoothTesting;
			};
			name = Debug;
		};
		382EB3A62A56460100ACB1EC /* Release */ = {
			isa = XCBuildConfiguration;
			buildSettings = {
				ALWAYS_EMBED_SWIFT_STANDARD_LIBRARIES = YES;
				CODE_SIGN_STYLE = Automatic;
				CURRENT_PROJECT_VERSION = 1;
				DEVELOPMENT_TEAM = S322P4P929;
				GENERATE_INFOPLIST_FILE = YES;
				MARKETING_VERSION = 1.0;
				PRODUCT_BUNDLE_IDENTIFIER = "Hsueh-Yuan-Chou.BluetoothTestingUITests";
				PRODUCT_NAME = "$(TARGET_NAME)";
				SWIFT_EMIT_LOC_STRINGS = NO;
				SWIFT_VERSION = 5.0;
				TARGETED_DEVICE_FAMILY = "1,2";
				TEST_TARGET_NAME = BluetoothTesting;
			};
			name = Release;
		};
/* End XCBuildConfiguration section */

/* Begin XCConfigurationList section */
		382EB3752A5645FF00ACB1EC /* Build configuration list for PBXProject "BluetoothTesting" */ = {
			isa = XCConfigurationList;
			buildConfigurations = (
				382EB39C2A56460100ACB1EC /* Debug */,
				382EB39D2A56460100ACB1EC /* Release */,
			);
			defaultConfigurationIsVisible = 0;
			defaultConfigurationName = Release;
		};
		382EB39E2A56460100ACB1EC /* Build configuration list for PBXNativeTarget "BluetoothTesting" */ = {
			isa = XCConfigurationList;
			buildConfigurations = (
				382EB39F2A56460100ACB1EC /* Debug */,
				382EB3A02A56460100ACB1EC /* Release */,
			);
			defaultConfigurationIsVisible = 0;
			defaultConfigurationName = Release;
		};
		382EB3A12A56460100ACB1EC /* Build configuration list for PBXNativeTarget "BluetoothTestingTests" */ = {
			isa = XCConfigurationList;
			buildConfigurations = (
				382EB3A22A56460100ACB1EC /* Debug */,
				382EB3A32A56460100ACB1EC /* Release */,
			);
			defaultConfigurationIsVisible = 0;
			defaultConfigurationName = Release;
		};
		382EB3A42A56460100ACB1EC /* Build configuration list for PBXNativeTarget "BluetoothTestingUITests" */ = {
			isa = XCConfigurationList;
			buildConfigurations = (
				382EB3A52A56460100ACB1EC /* Debug */,
				382EB3A62A56460100ACB1EC /* Release */,
			);
			defaultConfigurationIsVisible = 0;
			defaultConfigurationName = Release;
		};
/* End XCConfigurationList section */
	};
	rootObject = 382EB3722A5645FF00ACB1EC /* Project object */;
}
